version: 5
environments:
  default:
    channels:
    - url: https://conda.anaconda.org/conda-forge/
    indexes:
    - https://pypi.org/simple
    packages:
      osx-arm64:
      - conda: https://conda.anaconda.org/conda-forge/noarch/babel-2.16.0-pyhd8ed1ab_0.conda
      - conda: https://conda.anaconda.org/conda-forge/noarch/blinker-1.9.0-pyhff2d567_0.conda
      - conda: https://conda.anaconda.org/conda-forge/osx-arm64/brotli-python-1.1.0-py39hfa9831e_2.conda
      - conda: https://conda.anaconda.org/conda-forge/osx-arm64/bzip2-1.0.8-h99b78c6_7.conda
      - conda: https://conda.anaconda.org/conda-forge/osx-arm64/ca-certificates-2024.8.30-hf0a4a13_0.conda
      - conda: https://conda.anaconda.org/conda-forge/noarch/certifi-2024.8.30-pyhd8ed1ab_0.conda
      - conda: https://conda.anaconda.org/conda-forge/osx-arm64/cffi-1.17.1-py39h7f933ea_0.conda
      - conda: https://conda.anaconda.org/conda-forge/noarch/charset-normalizer-3.4.0-pyhd8ed1ab_0.conda
      - conda: https://conda.anaconda.org/conda-forge/noarch/click-8.1.7-unix_pyh707e725_0.conda
      - conda: https://conda.anaconda.org/conda-forge/noarch/exifread-3.0.0-pyhd8ed1ab_0.tar.bz2
      - conda: https://conda.anaconda.org/conda-forge/noarch/filetype-1.2.0-pyhd8ed1ab_0.tar.bz2
      - conda: https://conda.anaconda.org/conda-forge/noarch/flask-2.3.3-pyhd8ed1ab_0.conda
      - conda: https://conda.anaconda.org/conda-forge/noarch/h2-4.1.0-pyhd8ed1ab_0.tar.bz2
      - conda: https://conda.anaconda.org/conda-forge/noarch/hpack-4.0.0-pyh9f0ad1d_0.tar.bz2
      - conda: https://conda.anaconda.org/conda-forge/noarch/hyperframe-6.0.1-pyhd8ed1ab_0.tar.bz2
      - conda: https://conda.anaconda.org/conda-forge/osx-arm64/icu-75.1-hfee45f7_0.conda
      - conda: https://conda.anaconda.org/conda-forge/noarch/idna-3.10-pyhd8ed1ab_0.conda
      - conda: https://conda.anaconda.org/conda-forge/noarch/importlib-metadata-8.5.0-pyha770c72_0.conda
      - conda: https://conda.anaconda.org/conda-forge/noarch/inifile-0.4.1-pyhd8ed1ab_0.tar.bz2
      - conda: https://conda.anaconda.org/conda-forge/noarch/itsdangerous-2.2.0-pyhd8ed1ab_0.conda
      - conda: https://conda.anaconda.org/conda-forge/noarch/jinja2-3.1.4-pyhd8ed1ab_0.conda
      - conda: https://conda.anaconda.org/conda-forge/noarch/lektor-3.3.11-pyhd8ed1ab_0.conda
      - conda: https://conda.anaconda.org/conda-forge/osx-arm64/libcxx-19.1.3-ha82da77_0.conda
      - conda: https://conda.anaconda.org/conda-forge/osx-arm64/libffi-3.4.2-h3422bc3_5.tar.bz2
      - conda: https://conda.anaconda.org/conda-forge/osx-arm64/libsqlite-3.47.0-hbaaea75_1.conda
      - conda: https://conda.anaconda.org/conda-forge/osx-arm64/libuv-1.49.2-h7ab814d_0.conda
      - conda: https://conda.anaconda.org/conda-forge/osx-arm64/libzlib-1.3.1-h8359307_2.conda
      - conda: https://conda.anaconda.org/conda-forge/osx-arm64/markupsafe-3.0.2-py39h66d85bf_0.conda
      - conda: https://conda.anaconda.org/conda-forge/noarch/mistune-0.8.4-pyh1a96a4e_1006.conda
      - conda: https://conda.anaconda.org/conda-forge/osx-arm64/ncurses-6.5-h7bae524_1.conda
      - conda: https://conda.anaconda.org/conda-forge/osx-arm64/nodejs-22.9.0-h08fde81_0.conda
      - conda: https://conda.anaconda.org/conda-forge/osx-arm64/openssl-3.3.2-h8359307_0.conda
      - conda: https://conda.anaconda.org/conda-forge/noarch/pip-21.3.1-pyhd8ed1ab_0.tar.bz2
      - conda: https://conda.anaconda.org/conda-forge/noarch/pycparser-2.22-pyhd8ed1ab_0.conda
      - conda: https://conda.anaconda.org/conda-forge/noarch/pysocks-1.7.1-pyha2e5f31_6.tar.bz2
      - conda: https://conda.anaconda.org/conda-forge/osx-arm64/python-3.9.20-h9e33284_1_cpython.conda
      - conda: https://conda.anaconda.org/conda-forge/noarch/python-slugify-8.0.4-pyhd8ed1ab_0.conda
      - conda: https://conda.anaconda.org/conda-forge/osx-arm64/python_abi-3.9-5_cp39.conda
      - conda: https://conda.anaconda.org/conda-forge/noarch/pytz-2024.2-pyhd8ed1ab_0.conda
      - conda: https://conda.anaconda.org/conda-forge/osx-arm64/pyyaml-6.0.2-py39h06df861_1.conda
      - conda: https://conda.anaconda.org/conda-forge/osx-arm64/readline-8.2-h92ec313_1.conda
      - conda: https://conda.anaconda.org/conda-forge/noarch/requests-2.32.3-pyhd8ed1ab_0.conda
      - conda: https://conda.anaconda.org/conda-forge/noarch/setuptools-75.3.0-pyhd8ed1ab_0.conda
      - conda: https://conda.anaconda.org/conda-forge/noarch/text-unidecode-1.3-pyhd8ed1ab_1.conda
      - conda: https://conda.anaconda.org/conda-forge/osx-arm64/tk-8.6.13-h5083fa2_1.conda
      - conda: https://conda.anaconda.org/conda-forge/noarch/tzdata-2024b-hc8b5060_0.conda
      - conda: https://conda.anaconda.org/conda-forge/noarch/urllib3-2.2.3-pyhd8ed1ab_0.conda
      - conda: https://conda.anaconda.org/conda-forge/osx-arm64/watchdog-6.0.0-py39hf3bc14e_0.conda
      - conda: https://conda.anaconda.org/conda-forge/noarch/werkzeug-2.3.8-pyhd8ed1ab_0.conda
      - conda: https://conda.anaconda.org/conda-forge/noarch/wheel-0.45.0-pyhd8ed1ab_0.conda
      - conda: https://conda.anaconda.org/conda-forge/osx-arm64/xz-5.2.6-h57fd34a_0.tar.bz2
      - conda: https://conda.anaconda.org/conda-forge/osx-arm64/yaml-0.2.5-h3422bc3_2.tar.bz2
      - conda: https://conda.anaconda.org/conda-forge/noarch/zipp-3.20.2-pyhd8ed1ab_0.conda
      - conda: https://conda.anaconda.org/conda-forge/osx-arm64/zlib-1.3.1-h8359307_2.conda
      - conda: https://conda.anaconda.org/conda-forge/osx-arm64/zstandard-0.23.0-py39hcf1bb16_1.conda
      - conda: https://conda.anaconda.org/conda-forge/osx-arm64/zstd-1.5.6-hb46c0d2_0.conda
      - pypi: https://files.pythonhosted.org/packages/76/ca/7f296859ade94b9a3bcd5a6274d7912ab49b9fea82325abaa05447d51940/python_avatars-1.3.0-py3-none-any.whl
packages:
- kind: conda
  name: babel
  version: 2.16.0
  build: pyhd8ed1ab_0
  subdir: noarch
  noarch: python
  url: https://conda.anaconda.org/conda-forge/noarch/babel-2.16.0-pyhd8ed1ab_0.conda
  sha256: fce1d78e42665bb26d3f2b45ce9cacf0d9dbe4c1b2db3879a384eadee53c6231
  md5: 6d4e9ecca8d88977147e109fc7053184
  depends:
  - python >=3.8
  - pytz >=2015.7
  license: BSD-3-Clause
  license_family: BSD
  purls:
  - pkg:pypi/babel?source=hash-mapping
  size: 6525614
  timestamp: 1730878929589
- kind: conda
  name: blinker
  version: 1.9.0
  build: pyhff2d567_0
  subdir: noarch
  noarch: python
  url: https://conda.anaconda.org/conda-forge/noarch/blinker-1.9.0-pyhff2d567_0.conda
  sha256: f7efd22b5c15b400ed84a996d777b6327e5c402e79e3c534a7e086236f1eb2dc
  md5: 42834439227a4551b939beeeb8a4b085
  depends:
  - python >=3.9
  license: MIT
  license_family: MIT
  purls:
  - pkg:pypi/blinker?source=hash-mapping
  size: 13934
  timestamp: 1731096548765
- kind: conda
  name: brotli-python
  version: 1.1.0
  build: py39hfa9831e_2
  build_number: 2
  subdir: osx-arm64
  url: https://conda.anaconda.org/conda-forge/osx-arm64/brotli-python-1.1.0-py39hfa9831e_2.conda
  sha256: 9498fa2d1f5f006980e362b545f3a85086e27714d26deba23cd002c11ff04842
  md5: e6297328cb55064f9923dbe19c354b4a
  depends:
  - __osx >=11.0
  - libcxx >=17
  - python >=3.9,<3.10.0a0
  - python >=3.9,<3.10.0a0 *_cpython
  - python_abi 3.9.* *_cp39
  constrains:
  - libbrotlicommon 1.1.0 hd74edd7_2
  license: MIT
  license_family: MIT
  purls:
  - pkg:pypi/brotli?source=hash-mapping
  size: 338488
  timestamp: 1725268478900
- kind: conda
  name: bzip2
  version: 1.0.8
  build: h99b78c6_7
  build_number: 7
  subdir: osx-arm64
  url: https://conda.anaconda.org/conda-forge/osx-arm64/bzip2-1.0.8-h99b78c6_7.conda
  sha256: adfa71f158cbd872a36394c56c3568e6034aa55c623634b37a4836bd036e6b91
  md5: fc6948412dbbbe9a4c9ddbbcfe0a79ab
  depends:
  - __osx >=11.0
  license: bzip2-1.0.6
  license_family: BSD
  purls: []
  size: 122909
  timestamp: 1720974522888
- kind: conda
  name: ca-certificates
  version: 2024.8.30
  build: hf0a4a13_0
  subdir: osx-arm64
  url: https://conda.anaconda.org/conda-forge/osx-arm64/ca-certificates-2024.8.30-hf0a4a13_0.conda
  sha256: 2db1733f4b644575dbbdd7994a8f338e6ef937f5ebdb74acd557e9dda0211709
  md5: 40dec13fd8348dbe303e57be74bd3d35
  license: ISC
  purls: []
  size: 158482
  timestamp: 1725019034582
- kind: conda
  name: certifi
  version: 2024.8.30
  build: pyhd8ed1ab_0
  subdir: noarch
  noarch: python
  url: https://conda.anaconda.org/conda-forge/noarch/certifi-2024.8.30-pyhd8ed1ab_0.conda
  sha256: 7020770df338c45ac6b560185956c32f0a5abf4b76179c037f115fc7d687819f
  md5: 12f7d00853807b0531775e9be891cb11
  depends:
  - python >=3.7
  license: ISC
  purls:
  - pkg:pypi/certifi?source=hash-mapping
  size: 163752
  timestamp: 1725278204397
- kind: conda
  name: cffi
  version: 1.17.1
  build: py39h7f933ea_0
  subdir: osx-arm64
  url: https://conda.anaconda.org/conda-forge/osx-arm64/cffi-1.17.1-py39h7f933ea_0.conda
  sha256: 9b8cb32f491b2e45033ea74e269af35ea3ad109701f11045a20f32d6b3183a18
  md5: 8d1481721ef903515e19d989fe3a9251
  depends:
  - __osx >=11.0
  - libffi >=3.4,<4.0a0
  - pycparser
  - python >=3.9,<3.10.0a0
  - python >=3.9,<3.10.0a0 *_cpython
  - python_abi 3.9.* *_cp39
  license: MIT
  license_family: MIT
  purls:
  - pkg:pypi/cffi?source=hash-mapping
  size: 227265
  timestamp: 1725560892881
- kind: conda
  name: charset-normalizer
  version: 3.4.0
  build: pyhd8ed1ab_0
  subdir: noarch
  noarch: python
  url: https://conda.anaconda.org/conda-forge/noarch/charset-normalizer-3.4.0-pyhd8ed1ab_0.conda
  sha256: 1873ac45ea61f95750cb0b4e5e675d1c5b3def937e80c7eebb19297f76810be8
  md5: a374efa97290b8799046df7c5ca17164
  depends:
  - python >=3.7
  license: MIT
  license_family: MIT
  purls:
  - pkg:pypi/charset-normalizer?source=hash-mapping
  size: 47314
  timestamp: 1728479405343
- kind: conda
  name: click
  version: 8.1.7
  build: unix_pyh707e725_0
  subdir: noarch
  noarch: python
  url: https://conda.anaconda.org/conda-forge/noarch/click-8.1.7-unix_pyh707e725_0.conda
  sha256: f0016cbab6ac4138a429e28dbcb904a90305b34b3fe41a9b89d697c90401caec
  md5: f3ad426304898027fc619827ff428eca
  depends:
  - __unix
  - python >=3.8
  license: BSD-3-Clause
  license_family: BSD
  purls:
  - pkg:pypi/click?source=hash-mapping
  size: 84437
  timestamp: 1692311973840
- kind: conda
  name: exifread
  version: 3.0.0
  build: pyhd8ed1ab_0
  subdir: noarch
  noarch: python
  url: https://conda.anaconda.org/conda-forge/noarch/exifread-3.0.0-pyhd8ed1ab_0.tar.bz2
  sha256: 94ff8a357dc6af67b6ae2e958391e173c0685637d0417138090af8d84fc7e2e3
  md5: 571f3239f92fa94f21febc18ad8fffd5
  depends:
  - python >=3
  license: BSD-3-Clause
  license_family: BSD
  purls:
  - pkg:pypi/exifread?source=hash-mapping
  size: 37005
  timestamp: 1652071516994
- kind: conda
  name: filetype
  version: 1.2.0
  build: pyhd8ed1ab_0
  subdir: noarch
  noarch: python
  url: https://conda.anaconda.org/conda-forge/noarch/filetype-1.2.0-pyhd8ed1ab_0.tar.bz2
  sha256: 4bb954cd07db9faa08c937df963483f34a964e8d5bcea957d16ef456a761432f
  md5: 8db22d14ef51223a783383b45c63fbe0
  depends:
  - python >3.6
  license: MIT
  license_family: MIT
  purls:
  - pkg:pypi/filetype?source=hash-mapping
  size: 19980
  timestamp: 1667445885369
- kind: conda
  name: flask
  version: 2.3.3
  build: pyhd8ed1ab_0
  subdir: noarch
  noarch: python
  url: https://conda.anaconda.org/conda-forge/noarch/flask-2.3.3-pyhd8ed1ab_0.conda
  sha256: 4f84ffdc5471236e8225db86c7508426b46aa2c3802d58ca40b3c3e174533b39
  md5: 9b0d29067484a8dfacfae85b8fba81bc
  depends:
  - blinker >=1.6.2
  - click >=8.1.3
  - importlib-metadata >=3.6.0
  - itsdangerous >=2.1.2
  - jinja2 >=3.1.2
  - python >=3.8
  - werkzeug >=2.3.7
  license: BSD-3-Clause
  license_family: BSD
  purls:
  - pkg:pypi/flask?source=hash-mapping
  size: 79782
  timestamp: 1692686247131
- kind: conda
  name: h2
  version: 4.1.0
  build: pyhd8ed1ab_0
  subdir: noarch
  noarch: python
  url: https://conda.anaconda.org/conda-forge/noarch/h2-4.1.0-pyhd8ed1ab_0.tar.bz2
  sha256: bfc6a23849953647f4e255c782e74a0e18fe16f7e25c7bb0bc57b83bb6762c7a
  md5: b748fbf7060927a6e82df7cb5ee8f097
  depends:
  - hpack >=4.0,<5
  - hyperframe >=6.0,<7
  - python >=3.6.1
  license: MIT
  license_family: MIT
  purls:
  - pkg:pypi/h2?source=hash-mapping
  size: 46754
  timestamp: 1634280590080
- kind: conda
  name: hpack
  version: 4.0.0
  build: pyh9f0ad1d_0
  subdir: noarch
  noarch: python
  url: https://conda.anaconda.org/conda-forge/noarch/hpack-4.0.0-pyh9f0ad1d_0.tar.bz2
  sha256: 5dec948932c4f740674b1afb551223ada0c55103f4c7bf86a110454da3d27cb8
  md5: 914d6646c4dbb1fd3ff539830a12fd71
  depends:
  - python
  license: MIT
  license_family: MIT
  purls:
  - pkg:pypi/hpack?source=hash-mapping
  size: 25341
  timestamp: 1598856368685
- kind: conda
  name: hyperframe
  version: 6.0.1
  build: pyhd8ed1ab_0
  subdir: noarch
  noarch: python
  url: https://conda.anaconda.org/conda-forge/noarch/hyperframe-6.0.1-pyhd8ed1ab_0.tar.bz2
  sha256: e374a9d0f53149328134a8d86f5d72bca4c6dcebed3c0ecfa968c02996289330
  md5: 9f765cbfab6870c8435b9eefecd7a1f4
  depends:
  - python >=3.6
  license: MIT
  license_family: MIT
  purls:
  - pkg:pypi/hyperframe?source=hash-mapping
  size: 14646
  timestamp: 1619110249723
- kind: conda
  name: icu
  version: '75.1'
  build: hfee45f7_0
  subdir: osx-arm64
  url: https://conda.anaconda.org/conda-forge/osx-arm64/icu-75.1-hfee45f7_0.conda
  sha256: 9ba12c93406f3df5ab0a43db8a4b4ef67a5871dfd401010fbe29b218b2cbe620
  md5: 5eb22c1d7b3fc4abb50d92d621583137
  depends:
  - __osx >=11.0
  license: MIT
  license_family: MIT
  purls: []
  size: 11857802
  timestamp: 1720853997952
- kind: conda
  name: idna
  version: '3.10'
  build: pyhd8ed1ab_0
  subdir: noarch
  noarch: python
  url: https://conda.anaconda.org/conda-forge/noarch/idna-3.10-pyhd8ed1ab_0.conda
  sha256: 8c57fd68e6be5eecba4462e983aed7e85761a519aab80e834bbd7794d4b545b2
  md5: 7ba2ede0e7c795ff95088daf0dc59753
  depends:
  - python >=3.6
  license: BSD-3-Clause
  license_family: BSD
  purls:
  - pkg:pypi/idna?source=hash-mapping
  size: 49837
  timestamp: 1726459583613
- kind: conda
  name: importlib-metadata
  version: 8.5.0
  build: pyha770c72_0
  subdir: noarch
  noarch: python
  url: https://conda.anaconda.org/conda-forge/noarch/importlib-metadata-8.5.0-pyha770c72_0.conda
  sha256: 7194700ce1a5ad2621fd68e894dd8c1ceaff9a38723e6e0e5298fdef13017b1c
  md5: 54198435fce4d64d8a89af22573012a8
  depends:
  - python >=3.8
  - zipp >=0.5
  license: Apache-2.0
  license_family: APACHE
  purls:
  - pkg:pypi/importlib-metadata?source=hash-mapping
  size: 28646
  timestamp: 1726082927916
- kind: conda
  name: inifile
  version: 0.4.1
  build: pyhd8ed1ab_0
  subdir: noarch
  noarch: python
  url: https://conda.anaconda.org/conda-forge/noarch/inifile-0.4.1-pyhd8ed1ab_0.tar.bz2
  sha256: 7c785ba8a2ee7b9547c85d21f26c4f118a64c0d529a870629fb024399cf5ad52
  md5: 6d79c7bd6499fc144a7185c2721ca1eb
  depends:
  - python >=3.6
  license: BSD-3-Clause
  license_family: BSD
  purls:
  - pkg:pypi/inifile?source=hash-mapping
  size: 11736
  timestamp: 1636663713179
- kind: conda
  name: itsdangerous
  version: 2.2.0
  build: pyhd8ed1ab_0
  subdir: noarch
  noarch: python
  url: https://conda.anaconda.org/conda-forge/noarch/itsdangerous-2.2.0-pyhd8ed1ab_0.conda
  sha256: 4e933e36e9b0401b62ea8fd63393827ebeb4250de77a56687afb387d504523c5
  md5: ff7ca04134ee8dde1d7cf491a78ef7c7
  depends:
  - python >=3.8
  license: BSD-3-Clause
  license_family: BSD
  purls:
  - pkg:pypi/itsdangerous?source=hash-mapping
  size: 19333
  timestamp: 1713372766463
- kind: conda
  name: jinja2
  version: 3.1.4
  build: pyhd8ed1ab_0
  subdir: noarch
  noarch: python
  url: https://conda.anaconda.org/conda-forge/noarch/jinja2-3.1.4-pyhd8ed1ab_0.conda
  sha256: 27380d870d42d00350d2d52598cddaf02f9505fb24be09488da0c9b8d1428f2d
  md5: 7b86ecb7d3557821c649b3c31e3eb9f2
  depends:
  - markupsafe >=2.0
  - python >=3.7
  license: BSD-3-Clause
  license_family: BSD
  purls:
  - pkg:pypi/jinja2?source=hash-mapping
  size: 111565
  timestamp: 1715127275924
- kind: conda
  name: lektor
  version: 3.3.11
  build: pyhd8ed1ab_0
  subdir: noarch
  noarch: python
  url: https://conda.anaconda.org/conda-forge/noarch/lektor-3.3.11-pyhd8ed1ab_0.conda
  sha256: 2f7d6479dd6714c4d95f4d8d320c7e6bc362a50f87c82e6a1c6e2fe70eb8009b
  md5: 0c6427414e3f8ff379edba9142ff446c
  depends:
  - babel
  - click >=6.0
  - exifread
  - filetype >=1.0.7
  - flask
  - inifile >=0.4.1
  - jinja2 >=3.0
  - markupsafe
  - mistune >=0.7.0,<2
  - nodejs
  - pip >=21.1
  - python >=3.6
  - python-slugify
  - pytz
  - requests
  - setuptools >=45.2
  - watchdog
  - werkzeug <2.4
  license: BSD-3-Clause
  license_family: BSD
  purls:
  - pkg:pypi/lektor?source=hash-mapping
  size: 1252613
  timestamp: 1709661091034
- kind: conda
  name: libcxx
  version: 19.1.3
  build: ha82da77_0
  subdir: osx-arm64
  url: https://conda.anaconda.org/conda-forge/osx-arm64/libcxx-19.1.3-ha82da77_0.conda
  sha256: 6d062760c6439e75b9a44d800d89aff60fe3441998d87506c62dc94c50412ef4
  md5: bf691071fba4734984231617783225bc
  depends:
  - __osx >=11.0
  license: Apache-2.0 WITH LLVM-exception
  license_family: Apache
  purls: []
  size: 520771
  timestamp: 1730314603920
- kind: conda
  name: libffi
  version: 3.4.2
  build: h3422bc3_5
  build_number: 5
  subdir: osx-arm64
  url: https://conda.anaconda.org/conda-forge/osx-arm64/libffi-3.4.2-h3422bc3_5.tar.bz2
  sha256: 41b3d13efb775e340e4dba549ab5c029611ea6918703096b2eaa9c015c0750ca
  md5: 086914b672be056eb70fd4285b6783b6
  license: MIT
  license_family: MIT
  purls: []
  size: 39020
  timestamp: 1636488587153
- kind: conda
  name: libsqlite
  version: 3.47.0
  build: hbaaea75_1
  build_number: 1
  subdir: osx-arm64
  url: https://conda.anaconda.org/conda-forge/osx-arm64/libsqlite-3.47.0-hbaaea75_1.conda
  sha256: 5a96caa566c11e5a5ebdcdb86a0759a7fb27d3c5f42e6a0fd0d6023c1e935d9e
  md5: 07a14fbe439eef078cc479deca321161
  depends:
  - __osx >=11.0
  - libzlib >=1.3.1,<2.0a0
  license: Unlicense
  purls: []
  size: 837683
  timestamp: 1730208293578
- kind: conda
  name: libuv
  version: 1.49.2
  build: h7ab814d_0
  subdir: osx-arm64
  url: https://conda.anaconda.org/conda-forge/osx-arm64/libuv-1.49.2-h7ab814d_0.conda
  sha256: 0e5176af1e788ad5006cf261c4ea5a288a935fda48993b0240ddd2e562dc3d02
  md5: 4bc348e3a1a74d20a3f9beb866d75e0a
  depends:
  - __osx >=11.0
  license: MIT
  license_family: MIT
  purls: []
  size: 410500
  timestamp: 1729322654121
- kind: conda
  name: libzlib
  version: 1.3.1
  build: h8359307_2
  build_number: 2
  subdir: osx-arm64
  url: https://conda.anaconda.org/conda-forge/osx-arm64/libzlib-1.3.1-h8359307_2.conda
  sha256: ce34669eadaba351cd54910743e6a2261b67009624dbc7daeeafdef93616711b
  md5: 369964e85dc26bfe78f41399b366c435
  depends:
  - __osx >=11.0
  constrains:
  - zlib 1.3.1 *_2
  license: Zlib
  license_family: Other
  purls: []
  size: 46438
  timestamp: 1727963202283
- kind: conda
  name: markupsafe
  version: 3.0.2
  build: py39h66d85bf_0
  subdir: osx-arm64
  url: https://conda.anaconda.org/conda-forge/osx-arm64/markupsafe-3.0.2-py39h66d85bf_0.conda
  sha256: bd0d16aa05b8d8de3630f07df445c67405f903df23114e612642ab620fde7f4d
  md5: 3a68dbbc912ae36e829cbcff2d6a4ef4
  depends:
  - __osx >=11.0
  - python >=3.9,<3.10.0a0
  - python >=3.9,<3.10.0a0 *_cpython
  - python_abi 3.9.* *_cp39
  constrains:
  - jinja2 >=3.0.0
  license: BSD-3-Clause
  license_family: BSD
  purls:
  - pkg:pypi/markupsafe?source=hash-mapping
  size: 22590
  timestamp: 1729351525209
- kind: conda
  name: mistune
  version: 0.8.4
  build: pyh1a96a4e_1006
  build_number: 1006
  subdir: noarch
  noarch: python
  url: https://conda.anaconda.org/conda-forge/noarch/mistune-0.8.4-pyh1a96a4e_1006.conda
  sha256: cc2b11f228c2b0a819a4f2564cc4cd6ab74d85193ec355b3df318d6aee20fa65
  md5: ce48978fe2a49a887758ce17456601ad
  depends:
  - python >=3.5
  license: BSD-3-Clause
  license_family: BSD
  purls:
  - pkg:pypi/mistune?source=hash-mapping
  size: 47805
  timestamp: 1673904245186
- kind: conda
  name: ncurses
  version: '6.5'
  build: h7bae524_1
  build_number: 1
  subdir: osx-arm64
  url: https://conda.anaconda.org/conda-forge/osx-arm64/ncurses-6.5-h7bae524_1.conda
  sha256: 27d0b9ff78ad46e1f3a6c96c479ab44beda5f96def88e2fe626e0a49429d8afc
  md5: cb2b0ea909b97b3d70cd3921d1445e1a
  depends:
  - __osx >=11.0
  license: X11 AND BSD-3-Clause
  purls: []
  size: 802321
  timestamp: 1724658775723
- kind: conda
  name: nodejs
  version: 22.9.0
  build: h08fde81_0
  subdir: osx-arm64
  url: https://conda.anaconda.org/conda-forge/osx-arm64/nodejs-22.9.0-h08fde81_0.conda
  sha256: 736a4738aba32a03401aa25c8f740e4afe4aea02bc06651b59b06f0fdc024fdf
  md5: 3771a3a6abe5a8db8910d5ebf144811b
  depends:
  - __osx >=11.0
  - icu >=75.1,<76.0a0
  - libcxx >=17
  - libuv >=1.48.0,<2.0a0
  - libzlib >=1.3.1,<2.0a0
  - openssl >=3.3.2,<4.0a0
  - zlib
  license: MIT
  license_family: MIT
  purls: []
  size: 14859715
  timestamp: 1726671037225
- kind: conda
  name: openssl
  version: 3.3.2
  build: h8359307_0
  subdir: osx-arm64
  url: https://conda.anaconda.org/conda-forge/osx-arm64/openssl-3.3.2-h8359307_0.conda
  sha256: 940fa01c4dc6152158fe8943e05e55a1544cab639df0994e3b35937839e4f4d1
  md5: 1773ebccdc13ec603356e8ff1db9e958
  depends:
  - __osx >=11.0
  - ca-certificates
  license: Apache-2.0
  license_family: Apache
  purls: []
  size: 2882450
  timestamp: 1725410638874
- kind: conda
  name: pip
  version: 21.3.1
  build: pyhd8ed1ab_0
  subdir: noarch
  noarch: python
  url: https://conda.anaconda.org/conda-forge/noarch/pip-21.3.1-pyhd8ed1ab_0.tar.bz2
  sha256: 5491649d26dbfe0b28adbf916226e15fb4bd76b650bc5363ad566c4dee9906e1
  md5: e4fe2a9af78ff11f1aced7e62128c6a8
  depends:
  - python >=3.6
  - setuptools
  - wheel
  license: MIT
  license_family: MIT
  purls:
  - pkg:pypi/pip?source=hash-mapping
  size: 1259053
  timestamp: 1634925746569
- kind: conda
  name: pycparser
  version: '2.22'
  build: pyhd8ed1ab_0
  subdir: noarch
  noarch: python
  url: https://conda.anaconda.org/conda-forge/noarch/pycparser-2.22-pyhd8ed1ab_0.conda
  sha256: 406001ebf017688b1a1554b49127ca3a4ac4626ec0fd51dc75ffa4415b720b64
  md5: 844d9eb3b43095b031874477f7d70088
  depends:
  - python >=3.8
  license: BSD-3-Clause
  license_family: BSD
  purls:
  - pkg:pypi/pycparser?source=hash-mapping
  size: 105098
  timestamp: 1711811634025
- kind: conda
  name: pysocks
  version: 1.7.1
  build: pyha2e5f31_6
  build_number: 6
  subdir: noarch
  noarch: python
  url: https://conda.anaconda.org/conda-forge/noarch/pysocks-1.7.1-pyha2e5f31_6.tar.bz2
  sha256: a42f826e958a8d22e65b3394f437af7332610e43ee313393d1cf143f0a2d274b
  md5: 2a7de29fb590ca14b5243c4c812c8025
  depends:
  - __unix
  - python >=3.8
  license: BSD-3-Clause
  license_family: BSD
  purls:
  - pkg:pypi/pysocks?source=hash-mapping
  size: 18981
  timestamp: 1661604969727
- kind: conda
  name: python
  version: 3.9.20
  build: h9e33284_1_cpython
  build_number: 1
  subdir: osx-arm64
  url: https://conda.anaconda.org/conda-forge/osx-arm64/python-3.9.20-h9e33284_1_cpython.conda
  sha256: d6c272faa05fb7524aaf59718fa27629b1875e5dfb2fa74100547e8564cce4bc
  md5: 708bd3a3616e42becb50d77313def984
  depends:
  - __osx >=11.0
  - bzip2 >=1.0.8,<2.0a0
  - libffi >=3.4,<4.0a0
  - libsqlite >=3.46.1,<4.0a0
  - libzlib >=1.3.1,<2.0a0
  - ncurses >=6.5,<7.0a0
  - openssl >=3.3.2,<4.0a0
  - readline >=8.2,<9.0a0
  - tk >=8.6.13,<8.7.0a0
  - tzdata
  - xz >=5.2.6,<6.0a0
  constrains:
  - python_abi 3.9.* *_cp39
  license: Python-2.0
  purls: []
  size: 11826087
  timestamp: 1727718700429
- kind: pypi
  name: python-avatars
  version: 1.3.0
  url: https://files.pythonhosted.org/packages/76/ca/7f296859ade94b9a3bcd5a6274d7912ab49b9fea82325abaa05447d51940/python_avatars-1.3.0-py3-none-any.whl
  sha256: e62f8e7ca31c97d30ba472ec75546698d22028fd3400de283997ba0017b7ee2d
- kind: conda
  name: python-slugify
  version: 8.0.4
  build: pyhd8ed1ab_0
  subdir: noarch
  noarch: python
  url: https://conda.anaconda.org/conda-forge/noarch/python-slugify-8.0.4-pyhd8ed1ab_0.conda
  sha256: a1270bfd4f1d648766c8f95403f208e50d34af94761bc553a960102c6bff9fa0
  md5: 4b11845622b3c3178c0e989235b53975
  depends:
  - python >=3.7
  - text-unidecode >=1.3
  constrains:
  - slugify <0
  - awesome-slugify <0
  - unidecode >=1.1.1
  license: MIT
  license_family: MIT
  purls:
  - pkg:pypi/python-slugify?source=hash-mapping
  size: 15127
  timestamp: 1707425775664
- kind: conda
  name: python_abi
  version: '3.9'
  build: 5_cp39
  build_number: 5
  subdir: osx-arm64
  url: https://conda.anaconda.org/conda-forge/osx-arm64/python_abi-3.9-5_cp39.conda
  sha256: a942c019a98f4c89bc3a73a6a583f65d1c8fc560ccfdbdd9cba9f5ef719026fb
  md5: 1ca4a5e8290873da8963182d9673299d
  constrains:
  - python 3.9.* *_cpython
  license: BSD-3-Clause
  license_family: BSD
  purls: []
  size: 6326
  timestamp: 1723823464252
- kind: conda
  name: pytz
  version: '2024.2'
  build: pyhd8ed1ab_0
  subdir: noarch
  noarch: python
  url: https://conda.anaconda.org/conda-forge/noarch/pytz-2024.2-pyhd8ed1ab_0.conda
  sha256: 81c16d9183bb4a6780366ce874e567ee5fc903722f85b2f8d1d9479ef1dafcc9
  md5: 260009d03c9d5c0f111904d851f053dc
  depends:
  - python >=3.7
  license: MIT
  license_family: MIT
  purls:
  - pkg:pypi/pytz?source=hash-mapping
  size: 186995
  timestamp: 1726055625738
- kind: conda
  name: pyyaml
  version: 6.0.2
  build: py39h06df861_1
  build_number: 1
  subdir: osx-arm64
  url: https://conda.anaconda.org/conda-forge/osx-arm64/pyyaml-6.0.2-py39h06df861_1.conda
  sha256: 64753d5c68ea3d0ce23118c6640e9750b5276689d1db53a97cc54ef8569791c0
  md5: afea777abeb887c23dc4ec2d8a9acca8
  depends:
  - __osx >=11.0
  - python >=3.9,<3.10.0a0
  - python >=3.9,<3.10.0a0 *_cpython
  - python_abi 3.9.* *_cp39
  - yaml >=0.2.5,<0.3.0a0
  license: MIT
  license_family: MIT
  purls:
  - pkg:pypi/pyyaml?source=hash-mapping
  size: 161903
  timestamp: 1725456557842
- kind: conda
  name: readline
  version: '8.2'
  build: h92ec313_1
  build_number: 1
  subdir: osx-arm64
  url: https://conda.anaconda.org/conda-forge/osx-arm64/readline-8.2-h92ec313_1.conda
  sha256: a1dfa679ac3f6007362386576a704ad2d0d7a02e98f5d0b115f207a2da63e884
  md5: 8cbb776a2f641b943d413b3e19df71f4
  depends:
  - ncurses >=6.3,<7.0a0
  license: GPL-3.0-only
  license_family: GPL
  purls: []
  size: 250351
  timestamp: 1679532511311
- kind: conda
  name: requests
  version: 2.32.3
  build: pyhd8ed1ab_0
  subdir: noarch
  noarch: python
  url: https://conda.anaconda.org/conda-forge/noarch/requests-2.32.3-pyhd8ed1ab_0.conda
  sha256: 5845ffe82a6fa4d437a2eae1e32a1ad308d7ad349f61e337c0a890fe04c513cc
  md5: 5ede4753180c7a550a443c430dc8ab52
  depends:
  - certifi >=2017.4.17
  - charset-normalizer >=2,<4
  - idna >=2.5,<4
  - python >=3.8
  - urllib3 >=1.21.1,<3
  constrains:
  - chardet >=3.0.2,<6
  license: Apache-2.0
  license_family: APACHE
  purls:
  - pkg:pypi/requests?source=hash-mapping
  size: 58810
  timestamp: 1717057174842
- kind: conda
  name: setuptools
  version: 75.3.0
  build: pyhd8ed1ab_0
  subdir: noarch
  noarch: python
  url: https://conda.anaconda.org/conda-forge/noarch/setuptools-75.3.0-pyhd8ed1ab_0.conda
  sha256: a36d020b9f32fc3f1a6488a1c4a9c13988c6468faf6895bf30ca69521a61230e
  md5: 2ce9825396daf72baabaade36cee16da
  depends:
  - python >=3.8
  license: MIT
  license_family: MIT
  purls:
  - pkg:pypi/setuptools?source=hash-mapping
  size: 779561
  timestamp: 1730382173961
- kind: conda
  name: text-unidecode
  version: '1.3'
  build: pyhd8ed1ab_1
  build_number: 1
  subdir: noarch
  noarch: python
  url: https://conda.anaconda.org/conda-forge/noarch/text-unidecode-1.3-pyhd8ed1ab_1.conda
  sha256: db64669a918dec8c744f80a85b9c82216b79298256c7c8bd19bdba54a02f8914
  md5: ba8aba332d8868897ce44ad74015a7fe
  depends:
  - python >=3.4
  license: Artistic-1.0-Perl
  license_family: OTHER
  purls:
  - pkg:pypi/text-unidecode?source=hash-mapping
  size: 65029
  timestamp: 1694707244466
- kind: conda
  name: tk
  version: 8.6.13
  build: h5083fa2_1
  build_number: 1
  subdir: osx-arm64
  url: https://conda.anaconda.org/conda-forge/osx-arm64/tk-8.6.13-h5083fa2_1.conda
  sha256: 72457ad031b4c048e5891f3f6cb27a53cb479db68a52d965f796910e71a403a8
  md5: b50a57ba89c32b62428b71a875291c9b
  depends:
  - libzlib >=1.2.13,<2.0.0a0
  license: TCL
  license_family: BSD
  purls: []
  size: 3145523
  timestamp: 1699202432999
- kind: conda
  name: tzdata
  version: 2024b
  build: hc8b5060_0
  subdir: noarch
  noarch: generic
  url: https://conda.anaconda.org/conda-forge/noarch/tzdata-2024b-hc8b5060_0.conda
  sha256: 4fde5c3008bf5d2db82f2b50204464314cc3c91c1d953652f7bd01d9e52aefdf
  md5: 8ac3367aafb1cc0a068483c580af8015
  license: LicenseRef-Public-Domain
  purls: []
  size: 122354
  timestamp: 1728047496079
- kind: conda
  name: urllib3
  version: 2.2.3
  build: pyhd8ed1ab_0
  subdir: noarch
  noarch: python
  url: https://conda.anaconda.org/conda-forge/noarch/urllib3-2.2.3-pyhd8ed1ab_0.conda
  sha256: b6bb34ce41cd93956ad6eeee275ed52390fb3788d6c75e753172ea7ac60b66e5
  md5: 6b55867f385dd762ed99ea687af32a69
  depends:
  - brotli-python >=1.0.9
  - h2 >=4,<5
  - pysocks >=1.5.6,<2.0,!=1.5.7
  - python >=3.8
  - zstandard >=0.18.0
  license: MIT
  license_family: MIT
  purls:
  - pkg:pypi/urllib3?source=hash-mapping
  size: 98076
  timestamp: 1726496531769
- kind: conda
  name: watchdog
  version: 6.0.0
  build: py39hf3bc14e_0
  subdir: osx-arm64
  url: https://conda.anaconda.org/conda-forge/osx-arm64/watchdog-6.0.0-py39hf3bc14e_0.conda
  sha256: b92aab1013188ec6a3818ae68b30cda7104c9224bff43595d43ef76fe3ba8abf
  md5: abb7e6c0732428e30dde56c1243b15d0
  depends:
  - __osx >=11.0
  - python >=3.9,<3.10.0a0
  - python >=3.9,<3.10.0a0 *_cpython
  - python_abi 3.9.* *_cp39
  - pyyaml >=3.10
  license: Apache-2.0
  license_family: APACHE
  purls:
  - pkg:pypi/watchdog?source=hash-mapping
  size: 122732
  timestamp: 1730493123147
- kind: conda
  name: werkzeug
  version: 2.3.8
  build: pyhd8ed1ab_0
  subdir: noarch
  noarch: python
  url: https://conda.anaconda.org/conda-forge/noarch/werkzeug-2.3.8-pyhd8ed1ab_0.conda
  sha256: ce0c68c3dc44e106dd15b24534c085a2c9bf6603227983d01c2bad41edcad864
  md5: 4d0a38559ef093d9987ad2934e535473
  depends:
  - markupsafe >=2.1.1
  - python >=3.8
  license: BSD-3-Clause
  license_family: BSD
  purls:
  - pkg:pypi/werkzeug?source=hash-mapping
  size: 255168
  timestamp: 1699492638827
- kind: conda
  name: wheel
  version: 0.45.0
  build: pyhd8ed1ab_0
  subdir: noarch
  noarch: python
  url: https://conda.anaconda.org/conda-forge/noarch/wheel-0.45.0-pyhd8ed1ab_0.conda
  sha256: 8a51067f8e1a2cb0b5e89672dbcc0369e344a92e869c38b2946584aa09ab7088
  md5: f9751d7c71df27b2d29f5cab3378982e
  depends:
  - python >=3.8
  license: MIT
  purls:
  - pkg:pypi/wheel?source=hash-mapping
  size: 62755
  timestamp: 1731120002488
- kind: conda
  name: xz
  version: 5.2.6
  build: h57fd34a_0
  subdir: osx-arm64
  url: https://conda.anaconda.org/conda-forge/osx-arm64/xz-5.2.6-h57fd34a_0.tar.bz2
  sha256: 59d78af0c3e071021cfe82dc40134c19dab8cdf804324b62940f5c8cd71803ec
  md5: 39c6b54e94014701dd157f4f576ed211
  license: LGPL-2.1 and GPL-2.0
  purls: []
  size: 235693
  timestamp: 1660346961024
- kind: conda
  name: yaml
  version: 0.2.5
  build: h3422bc3_2
  build_number: 2
  subdir: osx-arm64
  url: https://conda.anaconda.org/conda-forge/osx-arm64/yaml-0.2.5-h3422bc3_2.tar.bz2
  sha256: 93181a04ba8cfecfdfb162fc958436d868cc37db504c58078eab4c1a3e57fbb7
  md5: 4bb3f014845110883a3c5ee811fd84b4
  license: MIT
  license_family: MIT
  purls: []
  size: 88016
  timestamp: 1641347076660
- kind: conda
  name: zipp
  version: 3.20.2
  build: pyhd8ed1ab_0
  subdir: noarch
  noarch: python
  url: https://conda.anaconda.org/conda-forge/noarch/zipp-3.20.2-pyhd8ed1ab_0.conda
  sha256: 1e84fcfa41e0afdd87ff41e6fbb719c96a0e098c1f79be342293ab0bd8dea322
  md5: 4daaed111c05672ae669f7036ee5bba3
  depends:
  - python >=3.8
  license: MIT
  license_family: MIT
  purls:
  - pkg:pypi/zipp?source=hash-mapping
  size: 21409
  timestamp: 1726248679175
- kind: conda
  name: zlib
  version: 1.3.1
  build: h8359307_2
  build_number: 2
  subdir: osx-arm64
  url: https://conda.anaconda.org/conda-forge/osx-arm64/zlib-1.3.1-h8359307_2.conda
  sha256: 58f8860756680a4831c1bf4f294e2354d187f2e999791d53b1941834c4b37430
  md5: e3170d898ca6cb48f1bb567afb92f775
  depends:
  - __osx >=11.0
  - libzlib 1.3.1 h8359307_2
  license: Zlib
  license_family: Other
  purls: []
  size: 77606
  timestamp: 1727963209370
- kind: conda
  name: zstandard
  version: 0.23.0
  build: py39hcf1bb16_1
  build_number: 1
  subdir: osx-arm64
  url: https://conda.anaconda.org/conda-forge/osx-arm64/zstandard-0.23.0-py39hcf1bb16_1.conda
  sha256: c4cb4a1bb5609c16f27a3f4355cddc77e6c0e9e3083340f413f9de9b8266e03f
  md5: 8cbaf074d564f304ae7fd29ba39184be
  depends:
  - __osx >=11.0
  - cffi >=1.11
  - python >=3.9,<3.10.0a0
  - python >=3.9,<3.10.0a0 *_cpython
  - python_abi 3.9.* *_cp39
  - zstd >=1.5.6,<1.5.7.0a0
  - zstd >=1.5.6,<1.6.0a0
  license: BSD-3-Clause
  license_family: BSD
  purls:
  - pkg:pypi/zstandard?source=hash-mapping
  size: 320027
  timestamp: 1725305723442
- kind: conda
  name: zstd
  version: 1.5.6
  build: hb46c0d2_0
  subdir: osx-arm64
  url: https://conda.anaconda.org/conda-forge/osx-arm64/zstd-1.5.6-hb46c0d2_0.conda
  sha256: 2d4fd1ff7ee79cd954ca8e81abf11d9d49954dd1fef80f27289e2402ae9c2e09
  md5: d96942c06c3e84bfcc5efb038724a7fd
  depends:
  - __osx >=11.0
  - libzlib >=1.2.13,<2.0.0a0
  license: BSD-3-Clause
  license_family: BSD
  purls: []
  size: 405089
  timestamp: 1714723101397
